
Microsoft Visual Studio Solution File, Format Version 12.00
# Visual Studio Version 17
VisualStudioVersion = 17.7.34009.444
MinimumVisualStudioVersion = 10.0.40219.1
Project("{9A19103F-16F7-4668-BE54-9A1E7A4F7556}") = "BankAcountEstatementApp", "BankAcountEstatementApp\BankAcountEstatementApp.csproj", "{36D78353-D0CE-4AFB-A78F-CF2AEB91A3D8}"
EndProject
Global
	GlobalSection(SolutionConfigurationPlatforms) = preSolution
		Debug|Any CPU = Debug|Any CPU
		Release|Any CPU = Release|Any CPU
	EndGlobalSection
	GlobalSection(ProjectConfigurationPlatforms) = postSolution
		{36D78353-D0CE-4AFB-A78F-CF2AEB91A3D8}.Debug|Any CPU.ActiveCfg = Debug|Any CPU
		{36D78353-D0CE-4AFB-A78F-CF2AEB91A3D8}.Debug|Any CPU.Build.0 = Debug|Any CPU
		{36D78353-D0CE-4AFB-A78F-CF2AEB91A3D8}.Release|Any CPU.ActiveCfg = Release|Any CPU
		{36D78353-D0CE-4AFB-A78F-CF2AEB91A3D8}.Release|Any CPU.Build.0 = Release|Any CPU
	EndGlobalSection
	GlobalSection(SolutionProperties) = preSolution
		HideSolutionNode = FALSE
	EndGlobalSection
	GlobalSection(ExtensibilityGlobals) = postSolution
		SolutionGuid = {F7837331-FB11-4CC2-B16A-30BD593658F0}
	EndGlobalSection
EndGlobal
